
Microsoft Visual Studio Solution File, Format Version 12.00
# Visual Studio Version 16
VisualStudioVersion = 16.0.31112.23
MinimumVisualStudioVersion = 10.0.40219.1
Project("{FAE04EC0-301F-11D3-BF4B-00C04F79EFBC}") = "SistemaVentas", "SistemaVentasP2\SistemaVentas.csproj", "{B89061A9-940E-4688-9F44-515993DAA9E4}"
EndProject
Global
	GlobalSection(SolutionConfigurationPlatforms) = preSolution
		Debug|Any CPU = Debug|Any CPU
		Release|Any CPU = Release|Any CPU
	EndGlobalSection
	GlobalSection(ProjectConfigurationPlatforms) = postSolution
		{B89061A9-940E-4688-9F44-515993DAA9E4}.Debug|Any CPU.ActiveCfg = Debug|Any CPU
		{B89061A9-940E-4688-9F44-515993DAA9E4}.Debug|Any CPU.Build.0 = Debug|Any CPU
		{B89061A9-940E-4688-9F44-515993DAA9E4}.Release|Any CPU.ActiveCfg = Release|Any CPU
		{B89061A9-940E-4688-9F44-515993DAA9E4}.Release|Any CPU.Build.0 = Release|Any CPU
	EndGlobalSection
	GlobalSection(SolutionProperties) = preSolution
		HideSolutionNode = FALSE
	EndGlobalSection
	GlobalSection(ExtensibilityGlobals) = postSolution
		SolutionGuid = {0375D670-9D79-4845-AAA5-42A17F5836AE}
	EndGlobalSection
EndGlobal
